{
  "name": "reddit-account-creator",
  "version": "1.0.0",
  "lockfileVersion": 2,
  "requires": true,
  "packages": {
    "": {
      "name": "reddit-account-creator",
      "version": "1.0.0",
      "license": "MIT",
      "dependencies": {
        "2captcha-python": "^1.0.13",
        "https-proxy-agent": "^5.0.0",
        "nodemailer": "^6.8.0",
        "puppeteer": "^19.6.3"
      }
    },
    "node_modules/2captcha-python": {
      "version": "1.0.13",
      "resolved": "https://registry.npmjs.org/2captcha-python/-/2captcha-python-1.0.13.tgz",
      "integrity": "sha512-Wy7WCUq+Tz8eTqXGYQQKVVRNQKZFgFLhpbjcBJPuuqvGK9yvKkULO9/yvvhZQqILFfIlNMc+Nt+MzDk5nnxvig=="
    },
    "node_modules/agent-base": {
      "version": "6.0.2",
      "resolved": "https://registry.npmjs.org/agent-base/-/agent-base-6.0.2.tgz",
      "integrity": "sha512-RZNwNclF7+MS/8bDg70amg32dyeZGZxiDuQmZxKLAlQjr3jGyLx+4Kkk58UO7D2QdgFIQCovuSuZESne6RG6XQ==",
      "dependencies": {
        "debug": "4"
      },
      "engines": {
        "node": ">= 6.0.0"
      }
    },
    "node_modules/debug": {
      "version": "4.3.4",
      "resolved": "https://registry.npmjs.org/debug/-/debug-4.3.4.tgz",
      "integrity": "sha512-PRWFHuSU3eDtQJPvnNY7Jcket1j0t5OuOsFzPPzsekD52Zl8qUfFIPEiswXqIvHWGVHOgX+7G/vCNNhehwxfkQ==",
      "dependencies": {
        "ms": "2.1.2"
      },
      "engines": {
        "node": ">=6.0"
      },
      "peerDependenciesMeta": {
        "supports-color": {
          "optional": true
        }
      }
    },
    "node_modules/https-proxy-agent": {
      "version": "5.0.1",
      "resolved": "https://registry.npmjs.org/https-proxy-agent/-/https-proxy-agent-5.0.1.tgz",
      "integrity": "sha512-dFcAjpTQFgoLMzC2VwU+C/CbS7uRL0lWmxDITmqm7C+7F0Odmj6s9l6alZc6AELXhrnggM2CeWSXHGOdX2YtwA==",
      "dependencies": {
        "agent-base": "6",
        "debug": "4"
      },
      "engines": {
        "node": ">= 6"
      }
    },
    "node_modules/ms": {
      "version": "2.1.2",
      "resolved": "https://registry.npmjs.org/ms/-/ms-2.1.2.tgz",
      "integrity": "sha512-sGkPx+VjMtmA6MX27oA4FBFELFCZZ4S4XqeGOXCv68tT+jb3vk/RyaKWP0PTKyWtmLSM0b+adUTEvbs1PEaH2w=="
    },
    "node_modules/nodemailer": {
      "version": "6.8.0",
      "resolved": "https://registry.npmjs.org/nodemailer/-/nodemailer-6.8.0.tgz",
      "integrity": "sha512-EjYvSmHzekz6VNkNd12aUqAco+bOkRe3Of5jVhltqKhEsjw/y0PYPJfp83+s9Wzh1dspYAkUW/YNQ350NATbSQ==",
      "engines": {
        "node": ">=6.0.0"
      }
    },
    "node_modules/puppeteer": {
      "version": "19.6.3",
      "resolved": "https://registry.npmjs.org/puppeteer/-/puppeteer-19.6.3.tgz",
      "integrity": "sha512-8aBXtDNXBZZhOVnKMxLOl5qEXSUqHIUQSbMsXHKalXRlOj7X6Vu8xxnugSy5Z0m+wdgrTlgrmUQNnw418eDlhg==",
      "dependencies": {
        "cross-fetch": "3.1.5",
        "debug": "4.3.4",
        "devtools-protocol": "0.0.1019158",
        "extract-zip": "2.0.1",
        "https-proxy-agent": "5.0.1",
        "proxy-from-env": "1.1.0",
        "rimraf": "3.0.2",
        "tar-fs": "2.1.1",
        "unbzip2-stream": "1.4.3",
        "ws": "8.8.0"
      },
      "engines": {
        "node": ">=14.1.0"
      }
    }
  }
}
